
Microsoft Visual Studio Solution File, Format Version 12.00
# Visual Studio Version 16
VisualStudioVersion = 16.0.30309.148
MinimumVisualStudioVersion = 10.0.40219.1
Project("{9A19103F-16F7-4668-BE54-9A1E7A4F7556}") = "StatusCake.Client", "StatusCake.Client\StatusCake.Client.csproj", "{68508773-D919-42A4-BDCF-880ABAC092D2}"
EndProject
Project("{FAE04EC0-301F-11D3-BF4B-00C04F79EFBC}") = "StatusCake.Client.Tests", "StatusCake.Client.Tests\StatusCake.Client.Tests.csproj", "{2B32CBBC-2759-4E17-A603-6547C6939CAC}"
EndProject
Global
	GlobalSection(SolutionConfigurationPlatforms) = preSolution
		Debug|Any CPU = Debug|Any CPU
		Release|Any CPU = Release|Any CPU
	EndGlobalSection
	GlobalSection(ProjectConfigurationPlatforms) = postSolution
		{68508773-D919-42A4-BDCF-880ABAC092D2}.Debug|Any CPU.ActiveCfg = Debug|Any CPU
		{68508773-D919-42A4-BDCF-880ABAC092D2}.Debug|Any CPU.Build.0 = Debug|Any CPU
		{68508773-D919-42A4-BDCF-880ABAC092D2}.Release|Any CPU.ActiveCfg = Release|Any CPU
		{68508773-D919-42A4-BDCF-880ABAC092D2}.Release|Any CPU.Build.0 = Release|Any CPU
		{2B32CBBC-2759-4E17-A603-6547C6939CAC}.Debug|Any CPU.ActiveCfg = Debug|Any CPU
		{2B32CBBC-2759-4E17-A603-6547C6939CAC}.Debug|Any CPU.Build.0 = Debug|Any CPU
		{2B32CBBC-2759-4E17-A603-6547C6939CAC}.Release|Any CPU.ActiveCfg = Release|Any CPU
		{2B32CBBC-2759-4E17-A603-6547C6939CAC}.Release|Any CPU.Build.0 = Release|Any CPU
	EndGlobalSection
	GlobalSection(SolutionProperties) = preSolution
		HideSolutionNode = FALSE
	EndGlobalSection
	GlobalSection(ExtensibilityGlobals) = postSolution
		SolutionGuid = {EBB110E9-4B9F-4044-98AC-98435B13F4D1}
	EndGlobalSection
EndGlobal
